
Microsoft Visual Studio Solution File, Format Version 12.00
# Visual Studio 15
VisualStudioVersion = 15.0.28307.902
MinimumVisualStudioVersion = 10.0.40219.1
Project("{FAE04EC0-301F-11D3-BF4B-00C04F79EFBC}") = "RemziCicek", "RemziCicek\RemziCicek.csproj", "{F6E6EA9A-F2EB-48ED-A0D9-6CBEC574602F}"
EndProject
Global
	GlobalSection(SolutionConfigurationPlatforms) = preSolution
		Debug|Any CPU = Debug|Any CPU
		Release|Any CPU = Release|Any CPU
	EndGlobalSection
	GlobalSection(ProjectConfigurationPlatforms) = postSolution
		{F6E6EA9A-F2EB-48ED-A0D9-6CBEC574602F}.Debug|Any CPU.ActiveCfg = Debug|Any CPU
		{F6E6EA9A-F2EB-48ED-A0D9-6CBEC574602F}.Debug|Any CPU.Build.0 = Debug|Any CPU
		{F6E6EA9A-F2EB-48ED-A0D9-6CBEC574602F}.Release|Any CPU.ActiveCfg = Release|Any CPU
		{F6E6EA9A-F2EB-48ED-A0D9-6CBEC574602F}.Release|Any CPU.Build.0 = Release|Any CPU
	EndGlobalSection
	GlobalSection(SolutionProperties) = preSolution
		HideSolutionNode = FALSE
	EndGlobalSection
	GlobalSection(ExtensibilityGlobals) = postSolution
		SolutionGuid = {3672798B-9082-4F2B-820A-6AC62DB825FD}
	EndGlobalSection
EndGlobal
